
Microsoft Visual Studio Solution File, Format Version 12.00
# Visual Studio 15
VisualStudioVersion = 15.0.28307.1972
MinimumVisualStudioVersion = 10.0.40219.1
Project("{FAE04EC0-301F-11D3-BF4B-00C04F79EFBC}") = "Customer.API", "Customer.API\Customer.API.csproj", "{5A885AA1-5F2E-45EE-BF9A-E1A85CC5F22C}"
EndProject
Project("{FAE04EC0-301F-11D3-BF4B-00C04F79EFBC}") = "Customer.Domain", "Customer.Domain\Customer.Domain.csproj", "{CBE3441E-60BB-499D-9E30-10D040C5BAEC}"
EndProject
Project("{FAE04EC0-301F-11D3-BF4B-00C04F79EFBC}") = "Customer.DAL", "Customer.DAL\Customer.DAL.csproj", "{A9C27135-7848-44B0-AD91-0A2361F64FFE}"
EndProject
Project("{FAE04EC0-301F-11D3-BF4B-00C04F79EFBC}") = "Customer.PresentationLayer", "Customer.PresentationLayer\Customer.PresentationLayer.csproj", "{77649429-54A9-4B01-8E77-BB80BE60C0E3}"
EndProject
Project("{FAE04EC0-301F-11D3-BF4B-00C04F79EFBC}") = "Customer.Services", "Customer.Services\Customer.Services.csproj", "{AE5C2A96-C787-4097-AEB1-50EB8C2DD154}"
EndProject
Global
	GlobalSection(SolutionConfigurationPlatforms) = preSolution
		Debug|Any CPU = Debug|Any CPU
		Release|Any CPU = Release|Any CPU
	EndGlobalSection
	GlobalSection(ProjectConfigurationPlatforms) = postSolution
		{5A885AA1-5F2E-45EE-BF9A-E1A85CC5F22C}.Debug|Any CPU.ActiveCfg = Debug|Any CPU
		{5A885AA1-5F2E-45EE-BF9A-E1A85CC5F22C}.Debug|Any CPU.Build.0 = Debug|Any CPU
		{5A885AA1-5F2E-45EE-BF9A-E1A85CC5F22C}.Release|Any CPU.ActiveCfg = Release|Any CPU
		{5A885AA1-5F2E-45EE-BF9A-E1A85CC5F22C}.Release|Any CPU.Build.0 = Release|Any CPU
		{CBE3441E-60BB-499D-9E30-10D040C5BAEC}.Debug|Any CPU.ActiveCfg = Debug|Any CPU
		{CBE3441E-60BB-499D-9E30-10D040C5BAEC}.Debug|Any CPU.Build.0 = Debug|Any CPU
		{CBE3441E-60BB-499D-9E30-10D040C5BAEC}.Release|Any CPU.ActiveCfg = Release|Any CPU
		{CBE3441E-60BB-499D-9E30-10D040C5BAEC}.Release|Any CPU.Build.0 = Release|Any CPU
		{A9C27135-7848-44B0-AD91-0A2361F64FFE}.Debug|Any CPU.ActiveCfg = Debug|Any CPU
		{A9C27135-7848-44B0-AD91-0A2361F64FFE}.Debug|Any CPU.Build.0 = Debug|Any CPU
		{A9C27135-7848-44B0-AD91-0A2361F64FFE}.Release|Any CPU.ActiveCfg = Release|Any CPU
		{A9C27135-7848-44B0-AD91-0A2361F64FFE}.Release|Any CPU.Build.0 = Release|Any CPU
		{77649429-54A9-4B01-8E77-BB80BE60C0E3}.Debug|Any CPU.ActiveCfg = Debug|Any CPU
		{77649429-54A9-4B01-8E77-BB80BE60C0E3}.Debug|Any CPU.Build.0 = Debug|Any CPU
		{77649429-54A9-4B01-8E77-BB80BE60C0E3}.Release|Any CPU.ActiveCfg = Release|Any CPU
		{77649429-54A9-4B01-8E77-BB80BE60C0E3}.Release|Any CPU.Build.0 = Release|Any CPU
		{AE5C2A96-C787-4097-AEB1-50EB8C2DD154}.Debug|Any CPU.ActiveCfg = Debug|Any CPU
		{AE5C2A96-C787-4097-AEB1-50EB8C2DD154}.Debug|Any CPU.Build.0 = Debug|Any CPU
		{AE5C2A96-C787-4097-AEB1-50EB8C2DD154}.Release|Any CPU.ActiveCfg = Release|Any CPU
		{AE5C2A96-C787-4097-AEB1-50EB8C2DD154}.Release|Any CPU.Build.0 = Release|Any CPU
	EndGlobalSection
	GlobalSection(SolutionProperties) = preSolution
		HideSolutionNode = FALSE
	EndGlobalSection
	GlobalSection(ExtensibilityGlobals) = postSolution
		SolutionGuid = {E6CA3A55-42EE-4162-84C8-ABD99C8D4E1B}
	EndGlobalSection
EndGlobal
